# This file is automatically @generated by Cargo.
# It is not intended for manual editing.
version = 4

[[package]]
name = "loreloom"
version = "0.1.0"
dependencies = [
 "loreloom-runtime",
 "loreloom-tui",
]

[[package]]
name = "loreloom-agent"
version = "0.1.0"
dependencies = [
 "loreloom-core",
]

[[package]]
name = "loreloom-content"
version = "0.1.0"
dependencies = [
 "loreloom-core",
]

[[package]]
name = "loreloom-core"
version = "0.1.0"

[[package]]
name = "loreloom-runtime"
version = "0.1.0"
dependencies = [
 "loreloom-agent",
 "loreloom-content",
 "loreloom-core",
 "loreloom-store",
 "loreloom-world",
]

[[package]]
name = "loreloom-store"
version = "0.1.0"
dependencies = [
 "loreloom-core",
]

[[package]]
name = "loreloom-tui"
version = "0.1.0"
dependencies = [
 "loreloom-core",
]

[[package]]
name = "loreloom-world"
version = "0.1.0"
dependencies = [
 "loreloom-content",
 "loreloom-core",
]
